
Microsoft Visual Studio Solution File, Format Version 12.00
# Visual Studio Version 16
VisualStudioVersion = 16.0.29102.190
MinimumVisualStudioVersion = 10.0.40219.1
Project("{FAE04EC0-301F-11D3-BF4B-00C04F79EFBC}") = "Kosta", "Kosta\Kosta.csproj", "{612FCA5C-241D-4F26-A6AA-E1C483260461}"
EndProject
Global
	GlobalSection(SolutionConfigurationPlatforms) = preSolution
		Debug|Any CPU = Debug|Any CPU
		Release|Any CPU = Release|Any CPU
	EndGlobalSection
	GlobalSection(ProjectConfigurationPlatforms) = postSolution
		{612FCA5C-241D-4F26-A6AA-E1C483260461}.Debug|Any CPU.ActiveCfg = Debug|Any CPU
		{612FCA5C-241D-4F26-A6AA-E1C483260461}.Debug|Any CPU.Build.0 = Debug|Any CPU
		{612FCA5C-241D-4F26-A6AA-E1C483260461}.Release|Any CPU.ActiveCfg = Release|Any CPU
		{612FCA5C-241D-4F26-A6AA-E1C483260461}.Release|Any CPU.Build.0 = Release|Any CPU
	EndGlobalSection
	GlobalSection(SolutionProperties) = preSolution
		HideSolutionNode = FALSE
	EndGlobalSection
	GlobalSection(ExtensibilityGlobals) = postSolution
		SolutionGuid = {2853977B-34F1-49E6-9C47-0C37AB4B6FC6}
	EndGlobalSection
EndGlobal
